// !$*UTF8*$!
{
	archiveVersion = 1;
	classes = {
	};
	objectVersion = 46;
	objects = {

/* Begin PBXBuildFile section */
		17D9A11B1CE0D46700ADC86E /* AppDelegate.swift in Sources */ = {isa = PBXBuildFile; fileRef = 17D9A11A1CE0D46700ADC86E /* AppDelegate.swift */; };
		17D9A1201CE0D46700ADC86E /* Main.storyboard in Resources */ = {isa = PBXBuildFile; fileRef = 17D9A11E1CE0D46700ADC86E /* Main.storyboard */; };
		17D9A1221CE0D46700ADC86E /* Assets.xcassets in Resources */ = {isa = PBXBuildFile; fileRef = 17D9A1211CE0D46700ADC86E /* Assets.xcassets */; };
		17D9A1251CE0D46700ADC86E /* LaunchScreen.storyboard in Resources */ = {isa = PBXBuildFile; fileRef = 17D9A1231CE0D46700ADC86E /* LaunchScreen.storyboard */; };
		17D9A1301CE0D46700ADC86E /* HappinessTests.swift in Sources */ = {isa = PBXBuildFile; fileRef = 17D9A12F1CE0D46700ADC86E /* HappinessTests.swift */; };
		17D9A1401CE0D70E00ADC86E /* FaceView.swift in Sources */ = {isa = PBXBuildFile; fileRef = 17D9A13F1CE0D70E00ADC86E /* FaceView.swift */; };
		17D9A1421CE18C2100ADC86E /* HappinessViewController.swift in Sources */ = {isa = PBXBuildFile; fileRef = 17D9A1411CE18C2100ADC86E /* HappinessViewController.swift */; };
/* End PBXBuildFile section */

/* Begin PBXContainerItemProxy section */
		17D9A12C1CE0D46700ADC86E /* PBXContainerItemProxy */ = {
			isa = PBXContainerItemProxy;
			containerPortal = 17D9A10F1CE0D46700ADC86E /* Project object */;
			proxyType = 1;
			remoteGlobalIDString = 17D9A1161CE0D46700ADC86E;
			remoteInfo = Happiness;
		};
/* End PBXContainerItemProxy section */

/* Begin PBXFileReference section */
		17D9A1171CE0D46700ADC86E /* Happiness.app */ = {isa = PBXFileReference; explicitFileType = wrapper.application; includeInIndex = 0; path = Happiness.app; sourceTree = BUILT_PRODUCTS_DIR; };
		17D9A11A1CE0D46700ADC86E /* AppDelegate.swift */ = {isa = PBXFileReference; lastKnownFileType = sourcecode.swift; path = AppDelegate.swift; sourceTree = "<group>"; };
		17D9A11F1CE0D46700ADC86E /* Base */ = {isa = PBXFileReference; lastKnownFileType = file.storyboard; name = Base; path = Base.lproj/Main.storyboard; sourceTree = "<group>"; };
		17D9A1211CE0D46700ADC86E /* Assets.xcassets */ = {isa = PBXFileReference; lastKnownFileType = folder.assetcatalog; path = Assets.xcassets; sourceTree = "<group>"; };
		17D9A1241CE0D46700ADC86E /* Base */ = {isa = PBXFileReference; lastKnownFileType = file.storyboard; name = Base; path = Base.lproj/LaunchScreen.storyboard; sourceTree = "<group>"; };
		17D9A1261CE0D46700ADC86E /* Info.plist */ = {isa = PBXFileReference; lastKnownFileType = text.plist.xml; path = Info.plist; sourceTree = "<group>"; };
		17D9A12B1CE0D46700ADC86E /* HappinessTests.xctest */ = {isa = PBXFileReference; explicitFileType = wrapper.cfbundle; includeInIndex = 0; path = HappinessTests.xctest; sourceTree = BUILT_PRODUCTS_DIR; };
		17D9A12F1CE0D46700ADC86E /* HappinessTests.swift */ = {isa = PBXFileReference; lastKnownFileType = sourcecode.swift; path = HappinessTests.swift; sourceTree = "<group>"; };
		17D9A1311CE0D46700ADC86E /* Info.plist */ = {isa = PBXFileReference; lastKnownFileType = text.plist.xml; path = Info.plist; sourceTree = "<group>"; };
		17D9A13F1CE0D70E00ADC86E /* FaceView.swift */ = {isa = PBXFileReference; fileEncoding = 4; lastKnownFileType = sourcecode.swift; name = FaceView.swift; path = ../FaceView.swift; sourceTree = "<group>"; };
		17D9A1411CE18C2100ADC86E /* HappinessViewController.swift */ = {isa = PBXFileReference; fileEncoding = 4; lastKnownFileType = sourcecode.swift; path = HappinessViewController.swift; sourceTree = SOURCE_ROOT; };
/* End PBXFileReference section */

/* Begin PBXFrameworksBuildPhase section */
		17D9A1141CE0D46700ADC86E /* Frameworks */ = {
			isa = PBXFrameworksBuildPhase;
			buildActionMask = 2147483647;
			files = (
			);
			runOnlyForDeploymentPostprocessing = 0;
		};
		17D9A1281CE0D46700ADC86E /* Frameworks */ = {
			isa = PBXFrameworksBuildPhase;
			buildActionMask = 2147483647;
			files = (
			);
			runOnlyForDeploymentPostprocessing = 0;
		};
/* End PBXFrameworksBuildPhase section */

/* Begin PBXGroup section */
		17D9A10E1CE0D46700ADC86E = {
			isa = PBXGroup;
			children = (
				17D9A1191CE0D46700ADC86E /* Happiness */,
				17D9A12E1CE0D46700ADC86E /* HappinessTests */,
				17D9A1181CE0D46700ADC86E /* Products */,
			);
			sourceTree = "<group>";
		};
		17D9A1181CE0D46700ADC86E /* Products */ = {
			isa = PBXGroup;
			children = (
				17D9A1171CE0D46700ADC86E /* Happiness.app */,
				17D9A12B1CE0D46700ADC86E /* HappinessTests.xctest */,
			);
			name = Products;
			sourceTree = "<group>";
		};
		17D9A1191CE0D46700ADC86E /* Happiness */ = {
			isa = PBXGroup;
			children = (
				17D9A1411CE18C2100ADC86E /* HappinessViewController.swift */,
				17D9A13F1CE0D70E00ADC86E /* FaceView.swift */,
				17D9A11E1CE0D46700ADC86E /* Main.storyboard */,
				17D9A13A1CE0D4D000ADC86E /* Supporting Files */,
			);
			path = Happiness;
			sourceTree = "<group>";
		};
		17D9A12E1CE0D46700ADC86E /* HappinessTests */ = {
			isa = PBXGroup;
			children = (
				17D9A12F1CE0D46700ADC86E /* HappinessTests.swift */,
				17D9A1311CE0D46700ADC86E /* Info.plist */,
			);
			path = HappinessTests;
			sourceTree = "<group>";
		};
		17D9A13A1CE0D4D000ADC86E /* Supporting Files */ = {
			isa = PBXGroup;
			children = (
				17D9A11A1CE0D46700ADC86E /* AppDelegate.swift */,
				17D9A1211CE0D46700ADC86E /* Assets.xcassets */,
				17D9A1231CE0D46700ADC86E /* LaunchScreen.storyboard */,
				17D9A1261CE0D46700ADC86E /* Info.plist */,
			);
			name = "Supporting Files";
			sourceTree = "<group>";
		};
/* End PBXGroup section */

/* Begin PBXNativeTarget section */
		17D9A1161CE0D46700ADC86E /* Happiness */ = {
			isa = PBXNativeTarget;
			buildConfigurationList = 17D9A1341CE0D46700ADC86E /* Build configuration list for PBXNativeTarget "Happiness" */;
			buildPhases = (
				17D9A1131CE0D46700ADC86E /* Sources */,
				17D9A1141CE0D46700ADC86E /* Frameworks */,
				17D9A1151CE0D46700ADC86E /* Resources */,
			);
			buildRules = (
			);
			dependencies = (
			);
			name = Happiness;
			productName = Happiness;
			productReference = 17D9A1171CE0D46700ADC86E /* Happiness.app */;
			productType = "com.apple.product-type.application";
		};
		17D9A12A1CE0D46700ADC86E /* HappinessTests */ = {
			isa = PBXNativeTarget;
			buildConfigurationList = 17D9A1371CE0D46700ADC86E /* Build configuration list for PBXNativeTarget "HappinessTests" */;
			buildPhases = (
				17D9A1271CE0D46700ADC86E /* Sources */,
				17D9A1281CE0D46700ADC86E /* Frameworks */,
				17D9A1291CE0D46700ADC86E /* Resources */,
			);
			buildRules = (
			);
			dependencies = (
				17D9A12D1CE0D46700ADC86E /* PBXTargetDependency */,
			);
			name = HappinessTests;
			productName = HappinessTests;
			productReference = 17D9A12B1CE0D46700ADC86E /* HappinessTests.xctest */;
			productType = "com.apple.product-type.bundle.unit-test";
		};
/* End PBXNativeTarget section */

/* Begin PBXProject section */
		17D9A10F1CE0D46700ADC86E /* Project object */ = {
			isa = PBXProject;
			attributes = {
				LastSwiftUpdateCheck = 0730;
				LastUpgradeCheck = 0730;
				ORGANIZATIONNAME = Coding;
				TargetAttributes = {
					17D9A1161CE0D46700ADC86E = {
						CreatedOnToolsVersion = 7.3.1;
					};
					17D9A12A1CE0D46700ADC86E = {
						CreatedOnToolsVersion = 7.3.1;
						TestTargetID = 17D9A1161CE0D46700ADC86E;
					};
				};
			};
			buildConfigurationList = 17D9A1121CE0D46700ADC86E /* Build configuration list for PBXProject "Happiness" */;
			compatibilityVersion = "Xcode 3.2";
			developmentRegion = English;
			hasScannedForEncodings = 0;
			knownRegions = (
				en,
				Base,
			);
			mainGroup = 17D9A10E1CE0D46700ADC86E;
			productRefGroup = 17D9A1181CE0D46700ADC86E /* Products */;
			projectDirPath = "";
			projectRoot = "";
			targets = (
				17D9A1161CE0D46700ADC86E /* Happiness */,
				17D9A12A1CE0D46700ADC86E /* HappinessTests */,
			);
		};
/* End PBXProject section */

/* Begin PBXResourcesBuildPhase section */
		17D9A1151CE0D46700ADC86E /* Resources */ = {
			isa = PBXResourcesBuildPhase;
			buildActionMask = 2147483647;
			files = (
				17D9A1251CE0D46700ADC86E /* LaunchScreen.storyboard in Resources */,
				17D9A1221CE0D46700ADC86E /* Assets.xcassets in Resources */,
				17D9A1201CE0D46700ADC86E /* Main.storyboard in Resources */,
			);
			runOnlyForDeploymentPostprocessing = 0;
		};
		17D9A1291CE0D46700ADC86E /* Resources */ = {
			isa = PBXResourcesBuildPhase;
			buildActionMask = 2147483647;
			files = (
			);
			runOnlyForDeploymentPostprocessing = 0;
		};
/* End PBXResourcesBuildPhase section */

/* Begin PBXSourcesBuildPhase section */
		17D9A1131CE0D46700ADC86E /* Sources */ = {
			isa = PBXSourcesBuildPhase;
			buildActionMask = 2147483647;
			files = (
				17D9A11B1CE0D46700ADC86E /* AppDelegate.swift in Sources */,
				17D9A1421CE18C2100ADC86E /* HappinessViewController.swift in Sources */,
				17D9A1401CE0D70E00ADC86E /* FaceView.swift in Sources */,
			);
			runOnlyForDeploymentPostprocessing = 0;
		};
		17D9A1271CE0D46700ADC86E /* Sources */ = {
			isa = PBXSourcesBuildPhase;
			buildActionMask = 2147483647;
			files = (
				17D9A1301CE0D46700ADC86E /* HappinessTests.swift in Sources */,
			);
			runOnlyForDeploymentPostprocessing = 0;
		};
/* End PBXSourcesBuildPhase section */

/* Begin PBXTargetDependency section */
		17D9A12D1CE0D46700ADC86E /* PBXTargetDependency */ = {
			isa = PBXTargetDependency;
			target = 17D9A1161CE0D46700ADC86E /* Happiness */;
			targetProxy = 17D9A12C1CE0D46700ADC86E /* PBXContainerItemProxy */;
		};
/* End PBXTargetDependency section */

/* Begin PBXVariantGroup section */
		17D9A11E1CE0D46700ADC86E /* Main.storyboard */ = {
			isa = PBXVariantGroup;
			children = (
				17D9A11F1CE0D46700ADC86E /* Base */,
			);
			name = Main.storyboard;
			sourceTree = "<group>";
		};
		17D9A1231CE0D46700ADC86E /* LaunchScreen.storyboard */ = {
			isa = PBXVariantGroup;
			children = (
				17D9A1241CE0D46700ADC86E /* Base */,
			);
			name = LaunchScreen.storyboard;
			sourceTree = "<group>";
		};
/* End PBXVariantGroup section */

/* Begin XCBuildConfiguration section */
		17D9A1321CE0D46700ADC86E /* Debug */ = {
			isa = XCBuildConfiguration;
			buildSettings = {
				ALWAYS_SEARCH_USER_PATHS = NO;
				CLANG_ANALYZER_NONNULL = YES;
				CLANG_CXX_LANGUAGE_STANDARD = "gnu++0x";
				CLANG_CXX_LIBRARY = "libc++";
				CLANG_ENABLE_MODULES = YES;
				CLANG_ENABLE_OBJC_ARC = YES;
				CLANG_WARN_BOOL_CONVERSION = YES;
				CLANG_WARN_CONSTANT_CONVERSION = YES;
				CLANG_WARN_DIRECT_OBJC_ISA_USAGE = YES_ERROR;
				CLANG_WARN_EMPTY_BODY = YES;
				CLANG_WARN_ENUM_CONVERSION = YES;
				CLANG_WARN_INT_CONVERSION = YES;
				CLANG_WARN_OBJC_ROOT_CLASS = YES_ERROR;
				CLANG_WARN_UNREACHABLE_CODE = YES;
				CLANG_WARN__DUPLICATE_METHOD_MATCH = YES;
				"CODE_SIGN_IDENTITY[sdk=iphoneos*]" = "iPhone Developer";
				COPY_PHASE_STRIP = NO;
				DEBUG_INFORMATION_FORMAT = dwarf;
				ENABLE_STRICT_OBJC_MSGSEND = YES;
				ENABLE_TESTABILITY = YES;
				GCC_C_LANGUAGE_STANDARD = gnu99;
				GCC_DYNAMIC_NO_PIC = NO;
				GCC_NO_COMMON_BLOCKS = YES;
				GCC_OPTIMIZATION_LEVEL = 0;
				GCC_PREPROCESSOR_DEFINITIONS = (
					"DEBUG=1",
					"$(inherited)",
				);
				GCC_WARN_64_TO_32_BIT_CONVERSION = YES;
				GCC_WARN_ABOUT_RETURN_TYPE = YES_ERROR;
				GCC_WARN_UNDECLARED_SELECTOR = YES;
				GCC_WARN_UNINITIALIZED_AUTOS = YES_AGGRESSIVE;
				GCC_WARN_UNUSED_FUNCTION = YES;
				GCC_WARN_UNUSED_VARIABLE = YES;
				IPHONEOS_DEPLOYMENT_TARGET = 9.3;
				MTL_ENABLE_DEBUG_INFO = YES;
				ONLY_ACTIVE_ARCH = YES;
				SDKROOT = iphoneos;
				SWIFT_OPTIMIZATION_LEVEL = "-Onone";
				TARGETED_DEVICE_FAMILY = "1,2";
			};
			name = Debug;
		};
		17D9A1331CE0D46700ADC86E /* Release */ = {
			isa = XCBuildConfiguration;
			buildSettings = {
				ALWAYS_SEARCH_USER_PATHS = NO;
				CLANG_ANALYZER_NONNULL = YES;
				CLANG_CXX_LANGUAGE_STANDARD = "gnu++0x";
				CLANG_CXX_LIBRARY = "libc++";
				CLANG_ENABLE_MODULES = YES;
				CLANG_ENABLE_OBJC_ARC = YES;
				CLANG_WARN_BOOL_CONVERSION = YES;
				CLANG_WARN_CONSTANT_CONVERSION = YES;
				CLANG_WARN_DIRECT_OBJC_ISA_USAGE = YES_ERROR;
				CLANG_WARN_EMPTY_BODY = YES;
				CLANG_WARN_ENUM_CONVERSION = YES;
				CLANG_WARN_INT_CONVERSION = YES;
				CLANG_WARN_OBJC_ROOT_CLASS = YES_ERROR;
				CLANG_WARN_UNREACHABLE_CODE = YES;
				CLANG_WARN__DUPLICATE_METHOD_MATCH = YES;
				"CODE_SIGN_IDENTITY[sdk=iphoneos*]" = "iPhone Developer";
				COPY_PHASE_STRIP = NO;
				DEBUG_INFORMATION_FORMAT = "dwarf-with-dsym";
				ENABLE_NS_ASSERTIONS = NO;
				ENABLE_STRICT_OBJC_MSGSEND = YES;
				GCC_C_LANGUAGE_STANDARD = gnu99;
				GCC_NO_COMMON_BLOCKS = YES;
				GCC_WARN_64_TO_32_BIT_CONVERSION = YES;
				GCC_WARN_ABOUT_RETURN_TYPE = YES_ERROR;
				GCC_WARN_UNDECLARED_SELECTOR = YES;
				GCC_WARN_UNINITIALIZED_AUTOS = YES_AGGRESSIVE;
				GCC_WARN_UNUSED_FUNCTION = YES;
				GCC_WARN_UNUSED_VARIABLE = YES;
				IPHONEOS_DEPLOYMENT_TARGET = 9.3;
				MTL_ENABLE_DEBUG_INFO = NO;
				SDKROOT = iphoneos;
				TARGETED_DEVICE_FAMILY = "1,2";
				VALIDATE_PRODUCT = YES;
			};
			name = Release;
		};
		17D9A1351CE0D46700ADC86E /* Debug */ = {
			isa = XCBuildConfiguration;
			buildSettings = {
				ASSETCATALOG_COMPILER_APPICON_NAME = AppIcon;
				INFOPLIST_FILE = Happiness/Info.plist;
				LD_RUNPATH_SEARCH_PATHS = "$(inherited) @executable_path/Frameworks";
				PRODUCT_BUNDLE_IDENTIFIER = fglt.Happiness;
				PRODUCT_NAME = "$(TARGET_NAME)";
			};
			name = Debug;
		};
		17D9A1361CE0D46700ADC86E /* Release */ = {
			isa = XCBuildConfiguration;
			buildSettings = {
				ASSETCATALOG_COMPILER_APPICON_NAME = AppIcon;
				INFOPLIST_FILE = Happiness/Info.plist;
				LD_RUNPATH_SEARCH_PATHS = "$(inherited) @executable_path/Frameworks";
				PRODUCT_BUNDLE_IDENTIFIER = fglt.Happiness;
				PRODUCT_NAME = "$(TARGET_NAME)";
			};
			name = Release;
		};
		17D9A1381CE0D46700ADC86E /* Debug */ = {
			isa = XCBuildConfiguration;
			buildSettings = {
				BUNDLE_LOADER = "$(TEST_HOST)";
				INFOPLIST_FILE = HappinessTests/Info.plist;
				LD_RUNPATH_SEARCH_PATHS = "$(inherited) @executable_path/Frameworks @loader_path/Frameworks";
				PRODUCT_BUNDLE_IDENTIFIER = fglt.HappinessTests;
				PRODUCT_NAME = "$(TARGET_NAME)";
				TEST_HOST = "$(BUILT_PRODUCTS_DIR)/Happiness.app/Happiness";
			};
			name = Debug;
		};
		17D9A1391CE0D46700ADC86E /* Release */ = {
			isa = XCBuildConfiguration;
			buildSettings = {
				BUNDLE_LOADER = "$(TEST_HOST)";
				INFOPLIST_FILE = HappinessTests/Info.plist;
				LD_RUNPATH_SEARCH_PATHS = "$(inherited) @executable_path/Frameworks @loader_path/Frameworks";
				PRODUCT_BUNDLE_IDENTIFIER = fglt.HappinessTests;
				PRODUCT_NAME = "$(TARGET_NAME)";
				TEST_HOST = "$(BUILT_PRODUCTS_DIR)/Happiness.app/Happiness";
			};
			name = Release;
		};
/* End XCBuildConfiguration section */

/* Begin XCConfigurationList section */
		17D9A1121CE0D46700ADC86E /* Build configuration list for PBXProject "Happiness" */ = {
			isa = XCConfigurationList;
			buildConfigurations = (
				17D9A1321CE0D46700ADC86E /* Debug */,
				17D9A1331CE0D46700ADC86E /* Release */,
			);
			defaultConfigurationIsVisible = 0;
			defaultConfigurationName = Release;
		};
		17D9A1341CE0D46700ADC86E /* Build configuration list for PBXNativeTarget "Happiness" */ = {
			isa = XCConfigurationList;
			buildConfigurations = (
				17D9A1351CE0D46700ADC86E /* Debug */,
				17D9A1361CE0D46700ADC86E /* Release */,
			);
			defaultConfigurationIsVisible = 0;
		};
		17D9A1371CE0D46700ADC86E /* Build configuration list for PBXNativeTarget "HappinessTests" */ = {
			isa = XCConfigurationList;
			buildConfigurations = (
				17D9A1381CE0D46700ADC86E /* Debug */,
				17D9A1391CE0D46700ADC86E /* Release */,
			);
			defaultConfigurationIsVisible = 0;
		};
/* End XCConfigurationList section */
	};
	rootObject = 17D9A10F1CE0D46700ADC86E /* Project object */;
}
